// !$*UTF8*$!
{
	archiveVersion = 1;
	classes = {
	};
	objectVersion = 55;
	objects = {

/* Begin PBXBuildFile section */
		0A31283028FB122900A2FEC7 /* HousDetailsPresenter.swift in Sources */ = {isa = PBXBuildFile; fileRef = 0A31281D28FB122900A2FEC7 /* HousDetailsPresenter.swift */; };
		0A31283128FB122900A2FEC7 /* CharacterTableViewCell.xib in Resources */ = {isa = PBXBuildFile; fileRef = 0A31282128FB122900A2FEC7 /* CharacterTableViewCell.xib */; };
		0A31283228FB122900A2FEC7 /* CharacterTableViewCell.swift in Sources */ = {isa = PBXBuildFile; fileRef = 0A31282228FB122900A2FEC7 /* CharacterTableViewCell.swift */; };
		0A31283328FB122900A2FEC7 /* DetailesWithListCustomView.xib in Resources */ = {isa = PBXBuildFile; fileRef = 0A31282328FB122900A2FEC7 /* DetailesWithListCustomView.xib */; };
		0A31283428FB122900A2FEC7 /* DetailesWithListCustomView.swift in Sources */ = {isa = PBXBuildFile; fileRef = 0A31282428FB122900A2FEC7 /* DetailesWithListCustomView.swift */; };
		0A31283528FB122900A2FEC7 /* HouseDetailesCard.swift in Sources */ = {isa = PBXBuildFile; fileRef = 0A31282628FB122900A2FEC7 /* HouseDetailesCard.swift */; };
		0A31283628FB122900A2FEC7 /* HouseDetailesCard.xib in Resources */ = {isa = PBXBuildFile; fileRef = 0A31282728FB122900A2FEC7 /* HouseDetailesCard.xib */; };
		0A31283728FB122900A2FEC7 /* DetailsRemote.swift in Sources */ = {isa = PBXBuildFile; fileRef = 0A31282928FB122900A2FEC7 /* DetailsRemote.swift */; };
		0A31283828FB122900A2FEC7 /* DetailsModel.swift in Sources */ = {isa = PBXBuildFile; fileRef = 0A31282A28FB122900A2FEC7 /* DetailsModel.swift */; };
		0A31283928FB122900A2FEC7 /* DetailsInteractor.swift in Sources */ = {isa = PBXBuildFile; fileRef = 0A31282B28FB122900A2FEC7 /* DetailsInteractor.swift */; };
		0A31283A28FB122900A2FEC7 /* DetailsAdapter.swift in Sources */ = {isa = PBXBuildFile; fileRef = 0A31282C28FB122900A2FEC7 /* DetailsAdapter.swift */; };
		0A31283B28FB122900A2FEC7 /* HouseDetailsViewController.xib in Resources */ = {isa = PBXBuildFile; fileRef = 0A31282E28FB122900A2FEC7 /* HouseDetailsViewController.xib */; };
		0A31283C28FB122900A2FEC7 /* HouseDetailsViewController.swift in Sources */ = {isa = PBXBuildFile; fileRef = 0A31282F28FB122900A2FEC7 /* HouseDetailsViewController.swift */; };
		0A31283E28FB123C00A2FEC7 /* HouseDetailsEndPoint.swift in Sources */ = {isa = PBXBuildFile; fileRef = 0A31283D28FB123C00A2FEC7 /* HouseDetailsEndPoint.swift */; };
		0A31284028FB125E00A2FEC7 /* Assets.xcassets in Resources */ = {isa = PBXBuildFile; fileRef = 0A31283F28FB125E00A2FEC7 /* Assets.xcassets */; };
		0A31284628FB13CC00A2FEC7 /* HousesFlow.swift in Sources */ = {isa = PBXBuildFile; fileRef = 0A31284228FB13CC00A2FEC7 /* HousesFlow.swift */; };
		0A31284728FB13CC00A2FEC7 /* HousDetailsFlow.swift in Sources */ = {isa = PBXBuildFile; fileRef = 0A31284328FB13CC00A2FEC7 /* HousDetailsFlow.swift */; };
		0A31284928FB13CC00A2FEC7 /* AppCoordinator.swift in Sources */ = {isa = PBXBuildFile; fileRef = 0A31284528FB13CC00A2FEC7 /* AppCoordinator.swift */; };
		0A31284B28FB13E100A2FEC7 /* Coordinator.swift in Sources */ = {isa = PBXBuildFile; fileRef = 0A31284A28FB13E100A2FEC7 /* Coordinator.swift */; };
		0A79A5EE28F7F0CE0018224E /* Model.swift in Sources */ = {isa = PBXBuildFile; fileRef = 0A79A5ED28F7F0CE0018224E /* Model.swift */; };
		0A79A5F028F7F55A0018224E /* Adapter.swift in Sources */ = {isa = PBXBuildFile; fileRef = 0A79A5EF28F7F55A0018224E /* Adapter.swift */; };
		0A79A5FA28F848210018224E /* HousesViewController.swift in Sources */ = {isa = PBXBuildFile; fileRef = 0A79A5F828F848210018224E /* HousesViewController.swift */; };
		0A79A5FB28F848210018224E /* HousesViewController.xib in Resources */ = {isa = PBXBuildFile; fileRef = 0A79A5F928F848210018224E /* HousesViewController.xib */; };
		0A79A61F28F883A00018224E /* MusicPlayer.swift.swift in Sources */ = {isa = PBXBuildFile; fileRef = 0A79A61E28F883A00018224E /* MusicPlayer.swift.swift */; };
		0A79A62128F8851B0018224E /* game_of_thrones.mp3 in Resources */ = {isa = PBXBuildFile; fileRef = 0A79A62028F8851A0018224E /* game_of_thrones.mp3 */; };
		0A8B265928F8895B00DA40EE /* Viking_War.mp3 in Resources */ = {isa = PBXBuildFile; fileRef = 0A8B265828F8895B00DA40EE /* Viking_War.mp3 */; };
		0A8B265F28F8952600DA40EE /* Game of Thrones.ttf in Resources */ = {isa = PBXBuildFile; fileRef = 0A8B265E28F894F600DA40EE /* Game of Thrones.ttf */; };
		0A8B266228F89D6C00DA40EE /* UILabel.swift in Sources */ = {isa = PBXBuildFile; fileRef = 0A8B266128F89D6C00DA40EE /* UILabel.swift */; };
		0A8B266928F8A83600DA40EE /* HouseTableViewCell.swift in Sources */ = {isa = PBXBuildFile; fileRef = 0A8B266728F8A83600DA40EE /* HouseTableViewCell.swift */; };
		0A8B266A28F8A83600DA40EE /* HouseTableViewCell.xib in Resources */ = {isa = PBXBuildFile; fileRef = 0A8B266828F8A83600DA40EE /* HouseTableViewCell.xib */; };
		0A8B267028F8CF7600DA40EE /* UIViewController.swift in Sources */ = {isa = PBXBuildFile; fileRef = 0A8B266F28F8CF7600DA40EE /* UIViewController.swift */; };
		0ACC2C7428F7313A005065DE /* AppDelegate.swift in Sources */ = {isa = PBXBuildFile; fileRef = 0ACC2C7328F7313A005065DE /* AppDelegate.swift */; };
		0ACC2C8028F7313B005065DE /* LaunchScreen.storyboard in Resources */ = {isa = PBXBuildFile; fileRef = 0ACC2C7E28F7313B005065DE /* LaunchScreen.storyboard */; };
		0ACC2C8B28F7313B005065DE /* GameOfThronesDemoTests.swift in Sources */ = {isa = PBXBuildFile; fileRef = 0ACC2C8A28F7313B005065DE /* GameOfThronesDemoTests.swift */; };
		0ACC2C9528F7313B005065DE /* GameOfThronesDemoUITests.swift in Sources */ = {isa = PBXBuildFile; fileRef = 0ACC2C9428F7313B005065DE /* GameOfThronesDemoUITests.swift */; };
		0ACC2C9728F7313B005065DE /* GameOfThronesDemoUITestsLaunchTests.swift in Sources */ = {isa = PBXBuildFile; fileRef = 0ACC2C9628F7313B005065DE /* GameOfThronesDemoUITestsLaunchTests.swift */; };
		0ACC2CC728F745A9005065DE /* APIError.swift in Sources */ = {isa = PBXBuildFile; fileRef = 0ACC2CC628F745A9005065DE /* APIError.swift */; };
		0ACC2CC928F745CA005065DE /* NetworkEngine.swift in Sources */ = {isa = PBXBuildFile; fileRef = 0ACC2CC828F745CA005065DE /* NetworkEngine.swift */; };
		0ACC2CCB28F745DF005065DE /* NetworkExtension.swift in Sources */ = {isa = PBXBuildFile; fileRef = 0ACC2CCA28F745DF005065DE /* NetworkExtension.swift */; };
		0ACC2CCD28F7460A005065DE /* SessionType.swift in Sources */ = {isa = PBXBuildFile; fileRef = 0ACC2CCC28F7460A005065DE /* SessionType.swift */; };
		0ACC2CCF28F7464D005065DE /* SessionTypeConfig.swift in Sources */ = {isa = PBXBuildFile; fileRef = 0ACC2CCE28F7464D005065DE /* SessionTypeConfig.swift */; };
		0ACC2CD328F7468F005065DE /* URLSessionEngine.swift in Sources */ = {isa = PBXBuildFile; fileRef = 0ACC2CD228F7468F005065DE /* URLSessionEngine.swift */; };
		0ACC2CD928F747D6005065DE /* HousesEndPoint.swift in Sources */ = {isa = PBXBuildFile; fileRef = 0ACC2CD828F747D6005065DE /* HousesEndPoint.swift */; };
		0ACC2CDB28F7480B005065DE /* EndPoint.swift in Sources */ = {isa = PBXBuildFile; fileRef = 0ACC2CDA28F7480B005065DE /* EndPoint.swift */; };
		0ACC2CE828F74BB4005065DE /* Presenter.swift in Sources */ = {isa = PBXBuildFile; fileRef = 0ACC2CE728F74BB4005065DE /* Presenter.swift */; };
		0ACC2CEE28F74C04005065DE /* Interactor.swift in Sources */ = {isa = PBXBuildFile; fileRef = 0ACC2CED28F74C04005065DE /* Interactor.swift */; };
		0ACC2CF028F74C82005065DE /* Error.swift in Sources */ = {isa = PBXBuildFile; fileRef = 0ACC2CEF28F74C82005065DE /* Error.swift */; };
		0ACC2CF428F74DED005065DE /* Remote.swift in Sources */ = {isa = PBXBuildFile; fileRef = 0ACC2CF328F74DED005065DE /* Remote.swift */; };
		0AE0929228FB3DCE00FD7E7A /* UIView.swift in Sources */ = {isa = PBXBuildFile; fileRef = 0AE0929128FB3DCE00FD7E7A /* UIView.swift */; };
/* End PBXBuildFile section */

/* Begin PBXContainerItemProxy section */
		0ACC2C8728F7313B005065DE /* PBXContainerItemProxy */ = {
			isa = PBXContainerItemProxy;
			containerPortal = 0ACC2C6828F7313A005065DE /* Project object */;
			proxyType = 1;
			remoteGlobalIDString = 0ACC2C6F28F7313A005065DE;
			remoteInfo = GameOfThronesDemo;
		};
		0ACC2C9128F7313B005065DE /* PBXContainerItemProxy */ = {
			isa = PBXContainerItemProxy;
			containerPortal = 0ACC2C6828F7313A005065DE /* Project object */;
			proxyType = 1;
			remoteGlobalIDString = 0ACC2C6F28F7313A005065DE;
			remoteInfo = GameOfThronesDemo;
		};
/* End PBXContainerItemProxy section */

/* Begin PBXFileReference section */
		0A31281D28FB122900A2FEC7 /* HousDetailsPresenter.swift */ = {isa = PBXFileReference; fileEncoding = 4; lastKnownFileType = sourcecode.swift; path = HousDetailsPresenter.swift; sourceTree = "<group>"; };
		0A31282128FB122900A2FEC7 /* CharacterTableViewCell.xib */ = {isa = PBXFileReference; fileEncoding = 4; lastKnownFileType = file.xib; path = CharacterTableViewCell.xib; sourceTree = "<group>"; };
		0A31282228FB122900A2FEC7 /* CharacterTableViewCell.swift */ = {isa = PBXFileReference; fileEncoding = 4; lastKnownFileType = sourcecode.swift; path = CharacterTableViewCell.swift; sourceTree = "<group>"; };
		0A31282328FB122900A2FEC7 /* DetailesWithListCustomView.xib */ = {isa = PBXFileReference; fileEncoding = 4; lastKnownFileType = file.xib; path = DetailesWithListCustomView.xib; sourceTree = "<group>"; };
		0A31282428FB122900A2FEC7 /* DetailesWithListCustomView.swift */ = {isa = PBXFileReference; fileEncoding = 4; lastKnownFileType = sourcecode.swift; path = DetailesWithListCustomView.swift; sourceTree = "<group>"; };
		0A31282628FB122900A2FEC7 /* HouseDetailesCard.swift */ = {isa = PBXFileReference; fileEncoding = 4; lastKnownFileType = sourcecode.swift; path = HouseDetailesCard.swift; sourceTree = "<group>"; };
		0A31282728FB122900A2FEC7 /* HouseDetailesCard.xib */ = {isa = PBXFileReference; fileEncoding = 4; lastKnownFileType = file.xib; path = HouseDetailesCard.xib; sourceTree = "<group>"; };
		0A31282928FB122900A2FEC7 /* DetailsRemote.swift */ = {isa = PBXFileReference; fileEncoding = 4; lastKnownFileType = sourcecode.swift; path = DetailsRemote.swift; sourceTree = "<group>"; };
		0A31282A28FB122900A2FEC7 /* DetailsModel.swift */ = {isa = PBXFileReference; fileEncoding = 4; lastKnownFileType = sourcecode.swift; path = DetailsModel.swift; sourceTree = "<group>"; };
		0A31282B28FB122900A2FEC7 /* DetailsInteractor.swift */ = {isa = PBXFileReference; fileEncoding = 4; lastKnownFileType = sourcecode.swift; path = DetailsInteractor.swift; sourceTree = "<group>"; };
		0A31282C28FB122900A2FEC7 /* DetailsAdapter.swift */ = {isa = PBXFileReference; fileEncoding = 4; lastKnownFileType = sourcecode.swift; path = DetailsAdapter.swift; sourceTree = "<group>"; };
		0A31282E28FB122900A2FEC7 /* HouseDetailsViewController.xib */ = {isa = PBXFileReference; fileEncoding = 4; lastKnownFileType = file.xib; path = HouseDetailsViewController.xib; sourceTree = "<group>"; };
		0A31282F28FB122900A2FEC7 /* HouseDetailsViewController.swift */ = {isa = PBXFileReference; fileEncoding = 4; lastKnownFileType = sourcecode.swift; path = HouseDetailsViewController.swift; sourceTree = "<group>"; };
		0A31283D28FB123C00A2FEC7 /* HouseDetailsEndPoint.swift */ = {isa = PBXFileReference; fileEncoding = 4; lastKnownFileType = sourcecode.swift; path = HouseDetailsEndPoint.swift; sourceTree = "<group>"; };
		0A31283F28FB125E00A2FEC7 /* Assets.xcassets */ = {isa = PBXFileReference; lastKnownFileType = folder.assetcatalog; path = Assets.xcassets; sourceTree = "<group>"; };
		0A31284228FB13CC00A2FEC7 /* HousesFlow.swift */ = {isa = PBXFileReference; fileEncoding = 4; lastKnownFileType = sourcecode.swift; path = HousesFlow.swift; sourceTree = "<group>"; };
		0A31284328FB13CC00A2FEC7 /* HousDetailsFlow.swift */ = {isa = PBXFileReference; fileEncoding = 4; lastKnownFileType = sourcecode.swift; path = HousDetailsFlow.swift; sourceTree = "<group>"; };
		0A31284528FB13CC00A2FEC7 /* AppCoordinator.swift */ = {isa = PBXFileReference; fileEncoding = 4; lastKnownFileType = sourcecode.swift; path = AppCoordinator.swift; sourceTree = "<group>"; };
		0A31284A28FB13E100A2FEC7 /* Coordinator.swift */ = {isa = PBXFileReference; fileEncoding = 4; lastKnownFileType = sourcecode.swift; name = Coordinator.swift; path = ../../../../.Trash/Coordinator.swift; sourceTree = "<group>"; };
		0A79A5ED28F7F0CE0018224E /* Model.swift */ = {isa = PBXFileReference; lastKnownFileType = sourcecode.swift; path = Model.swift; sourceTree = "<group>"; };
		0A79A5EF28F7F55A0018224E /* Adapter.swift */ = {isa = PBXFileReference; lastKnownFileType = sourcecode.swift; path = Adapter.swift; sourceTree = "<group>"; };
		0A79A5F828F848210018224E /* HousesViewController.swift */ = {isa = PBXFileReference; lastKnownFileType = sourcecode.swift; path = HousesViewController.swift; sourceTree = "<group>"; };
		0A79A5F928F848210018224E /* HousesViewController.xib */ = {isa = PBXFileReference; lastKnownFileType = file.xib; path = HousesViewController.xib; sourceTree = "<group>"; };
		0A79A61E28F883A00018224E /* MusicPlayer.swift.swift */ = {isa = PBXFileReference; lastKnownFileType = sourcecode.swift; path = MusicPlayer.swift.swift; sourceTree = "<group>"; };
		0A79A62028F8851A0018224E /* game_of_thrones.mp3 */ = {isa = PBXFileReference; lastKnownFileType = audio.mp3; name = game_of_thrones.mp3; path = "../../../Music/Music/Media.localized/Music/Unknown Artist/Unknown Album/game_of_thrones.mp3"; sourceTree = "<group>"; };
		0A8B265828F8895B00DA40EE /* Viking_War.mp3 */ = {isa = PBXFileReference; lastKnownFileType = audio.mp3; name = Viking_War.mp3; path = ../../../Downloads/Viking_War.mp3; sourceTree = "<group>"; };
		0A8B265E28F894F600DA40EE /* Game of Thrones.ttf */ = {isa = PBXFileReference; lastKnownFileType = file; path = "Game of Thrones.ttf"; sourceTree = "<group>"; };
		0A8B266128F89D6C00DA40EE /* UILabel.swift */ = {isa = PBXFileReference; lastKnownFileType = sourcecode.swift; path = UILabel.swift; sourceTree = "<group>"; };
		0A8B266428F89D8A00DA40EE /* throne-game-of-thrones.gif */ = {isa = PBXFileReference; lastKnownFileType = image.gif; path = "throne-game-of-thrones.gif"; sourceTree = "<group>"; };
		0A8B266728F8A83600DA40EE /* HouseTableViewCell.swift */ = {isa = PBXFileReference; lastKnownFileType = sourcecode.swift; path = HouseTableViewCell.swift; sourceTree = "<group>"; };
		0A8B266828F8A83600DA40EE /* HouseTableViewCell.xib */ = {isa = PBXFileReference; lastKnownFileType = file.xib; path = HouseTableViewCell.xib; sourceTree = "<group>"; };
		0A8B266F28F8CF7600DA40EE /* UIViewController.swift */ = {isa = PBXFileReference; lastKnownFileType = sourcecode.swift; path = UIViewController.swift; sourceTree = "<group>"; };
		0ACC2C7028F7313A005065DE /* GOT.app */ = {isa = PBXFileReference; explicitFileType = wrapper.application; includeInIndex = 0; path = GOT.app; sourceTree = BUILT_PRODUCTS_DIR; };
		0ACC2C7328F7313A005065DE /* AppDelegate.swift */ = {isa = PBXFileReference; lastKnownFileType = sourcecode.swift; path = AppDelegate.swift; sourceTree = "<group>"; };
		0ACC2C7F28F7313B005065DE /* Base */ = {isa = PBXFileReference; lastKnownFileType = file.storyboard; name = Base; path = Base.lproj/LaunchScreen.storyboard; sourceTree = "<group>"; };
		0ACC2C8128F7313B005065DE /* Info.plist */ = {isa = PBXFileReference; lastKnownFileType = text.plist.xml; path = Info.plist; sourceTree = "<group>"; };
		0ACC2C8628F7313B005065DE /* GOTTests.xctest */ = {isa = PBXFileReference; explicitFileType = wrapper.cfbundle; includeInIndex = 0; path = GOTTests.xctest; sourceTree = BUILT_PRODUCTS_DIR; };
		0ACC2C8A28F7313B005065DE /* GameOfThronesDemoTests.swift */ = {isa = PBXFileReference; lastKnownFileType = sourcecode.swift; path = GameOfThronesDemoTests.swift; sourceTree = "<group>"; };
		0ACC2C9028F7313B005065DE /* GOTUITests.xctest */ = {isa = PBXFileReference; explicitFileType = wrapper.cfbundle; includeInIndex = 0; path = GOTUITests.xctest; sourceTree = BUILT_PRODUCTS_DIR; };
		0ACC2C9428F7313B005065DE /* GameOfThronesDemoUITests.swift */ = {isa = PBXFileReference; lastKnownFileType = sourcecode.swift; path = GameOfThronesDemoUITests.swift; sourceTree = "<group>"; };
		0ACC2C9628F7313B005065DE /* GameOfThronesDemoUITestsLaunchTests.swift */ = {isa = PBXFileReference; lastKnownFileType = sourcecode.swift; path = GameOfThronesDemoUITestsLaunchTests.swift; sourceTree = "<group>"; };
		0ACC2CC628F745A9005065DE /* APIError.swift */ = {isa = PBXFileReference; lastKnownFileType = sourcecode.swift; path = APIError.swift; sourceTree = "<group>"; };
		0ACC2CC828F745CA005065DE /* NetworkEngine.swift */ = {isa = PBXFileReference; lastKnownFileType = sourcecode.swift; name = NetworkEngine.swift; path = ../NetworkEngine.swift; sourceTree = "<group>"; };
		0ACC2CCA28F745DF005065DE /* NetworkExtension.swift */ = {isa = PBXFileReference; lastKnownFileType = sourcecode.swift; path = NetworkExtension.swift; sourceTree = "<group>"; };
		0ACC2CCC28F7460A005065DE /* SessionType.swift */ = {isa = PBXFileReference; lastKnownFileType = sourcecode.swift; path = SessionType.swift; sourceTree = "<group>"; };
		0ACC2CCE28F7464D005065DE /* SessionTypeConfig.swift */ = {isa = PBXFileReference; lastKnownFileType = sourcecode.swift; path = SessionTypeConfig.swift; sourceTree = "<group>"; };
		0ACC2CD228F7468F005065DE /* URLSessionEngine.swift */ = {isa = PBXFileReference; lastKnownFileType = sourcecode.swift; path = URLSessionEngine.swift; sourceTree = "<group>"; };
		0ACC2CD828F747D6005065DE /* HousesEndPoint.swift */ = {isa = PBXFileReference; lastKnownFileType = sourcecode.swift; path = HousesEndPoint.swift; sourceTree = "<group>"; };
		0ACC2CDA28F7480B005065DE /* EndPoint.swift */ = {isa = PBXFileReference; lastKnownFileType = sourcecode.swift; path = EndPoint.swift; sourceTree = "<group>"; };
		0ACC2CE728F74BB4005065DE /* Presenter.swift */ = {isa = PBXFileReference; lastKnownFileType = sourcecode.swift; path = Presenter.swift; sourceTree = "<group>"; };
		0ACC2CED28F74C04005065DE /* Interactor.swift */ = {isa = PBXFileReference; lastKnownFileType = sourcecode.swift; path = Interactor.swift; sourceTree = "<group>"; };
		0ACC2CEF28F74C82005065DE /* Error.swift */ = {isa = PBXFileReference; lastKnownFileType = sourcecode.swift; path = Error.swift; sourceTree = "<group>"; };
		0ACC2CF328F74DED005065DE /* Remote.swift */ = {isa = PBXFileReference; lastKnownFileType = sourcecode.swift; path = Remote.swift; sourceTree = "<group>"; };
		0AE0929128FB3DCE00FD7E7A /* UIView.swift */ = {isa = PBXFileReference; lastKnownFileType = sourcecode.swift; path = UIView.swift; sourceTree = "<group>"; };
/* End PBXFileReference section */

/* Begin PBXFrameworksBuildPhase section */
		0ACC2C6D28F7313A005065DE /* Frameworks */ = {
			isa = PBXFrameworksBuildPhase;
			buildActionMask = 2147483647;
			files = (
			);
			runOnlyForDeploymentPostprocessing = 0;
		};
		0ACC2C8328F7313B005065DE /* Frameworks */ = {
			isa = PBXFrameworksBuildPhase;
			buildActionMask = 2147483647;
			files = (
			);
			runOnlyForDeploymentPostprocessing = 0;
		};
		0ACC2C8D28F7313B005065DE /* Frameworks */ = {
			isa = PBXFrameworksBuildPhase;
			buildActionMask = 2147483647;
			files = (
			);
			runOnlyForDeploymentPostprocessing = 0;
		};
/* End PBXFrameworksBuildPhase section */

/* Begin PBXGroup section */
		0A31281B28FB122900A2FEC7 /* View */ = {
			isa = PBXGroup;
			children = (
				0A31281C28FB122900A2FEC7 /* Presenter */,
				0A31281E28FB122900A2FEC7 /* CustomViews */,
				0A31282828FB122900A2FEC7 /* Service */,
				0A31282D28FB122900A2FEC7 /* ViewController */,
			);
			path = View;
			sourceTree = "<group>";
		};
		0A31281C28FB122900A2FEC7 /* Presenter */ = {
			isa = PBXGroup;
			children = (
				0A31281D28FB122900A2FEC7 /* HousDetailsPresenter.swift */,
			);
			path = Presenter;
			sourceTree = "<group>";
		};
		0A31281E28FB122900A2FEC7 /* CustomViews */ = {
			isa = PBXGroup;
			children = (
				0A31281F28FB122900A2FEC7 /* DetailsViewWithList */,
				0A31282528FB122900A2FEC7 /* HousInfoView */,
			);
			path = CustomViews;
			sourceTree = "<group>";
		};
		0A31281F28FB122900A2FEC7 /* DetailsViewWithList */ = {
			isa = PBXGroup;
			children = (
				0A31282028FB122900A2FEC7 /* CharacterCell */,
				0A31282328FB122900A2FEC7 /* DetailesWithListCustomView.xib */,
				0A31282428FB122900A2FEC7 /* DetailesWithListCustomView.swift */,
			);
			path = DetailsViewWithList;
			sourceTree = "<group>";
		};
		0A31282028FB122900A2FEC7 /* CharacterCell */ = {
			isa = PBXGroup;
			children = (
				0A31282128FB122900A2FEC7 /* CharacterTableViewCell.xib */,
				0A31282228FB122900A2FEC7 /* CharacterTableViewCell.swift */,
			);
			path = CharacterCell;
			sourceTree = "<group>";
		};
		0A31282528FB122900A2FEC7 /* HousInfoView */ = {
			isa = PBXGroup;
			children = (
				0A31282628FB122900A2FEC7 /* HouseDetailesCard.swift */,
				0A31282728FB122900A2FEC7 /* HouseDetailesCard.xib */,
			);
			path = HousInfoView;
			sourceTree = "<group>";
		};
		0A31282828FB122900A2FEC7 /* Service */ = {
			isa = PBXGroup;
			children = (
				0A31282928FB122900A2FEC7 /* DetailsRemote.swift */,
				0A31282A28FB122900A2FEC7 /* DetailsModel.swift */,
				0A31282B28FB122900A2FEC7 /* DetailsInteractor.swift */,
				0A31282C28FB122900A2FEC7 /* DetailsAdapter.swift */,
			);
			path = Service;
			sourceTree = "<group>";
		};
		0A31282D28FB122900A2FEC7 /* ViewController */ = {
			isa = PBXGroup;
			children = (
				0A31282E28FB122900A2FEC7 /* HouseDetailsViewController.xib */,
				0A31282F28FB122900A2FEC7 /* HouseDetailsViewController.swift */,
			);
			path = ViewController;
			sourceTree = "<group>";
		};
		0A31284128FB13CC00A2FEC7 /* AppFlow */ = {
			isa = PBXGroup;
			children = (
				0A31284228FB13CC00A2FEC7 /* HousesFlow.swift */,
				0A31284328FB13CC00A2FEC7 /* HousDetailsFlow.swift */,
				0A31284A28FB13E100A2FEC7 /* Coordinator.swift */,
			);
			path = AppFlow;
			sourceTree = "<group>";
		};
		0A79A5F628F83F2D0018224E /* AppDelegate */ = {
			isa = PBXGroup;
			children = (
				0ACC2C7328F7313A005065DE /* AppDelegate.swift */,
			);
			path = AppDelegate;
			sourceTree = "<group>";
		};
		0A79A60D28F852B60018224E /* DetailsScreen */ = {
			isa = PBXGroup;
			children = (
				0A31281B28FB122900A2FEC7 /* View */,
			);
			path = DetailsScreen;
			sourceTree = "<group>";
		};
		0A79A61628F858190018224E /* Navigation */ = {
			isa = PBXGroup;
			children = (
				0A31284528FB13CC00A2FEC7 /* AppCoordinator.swift */,
				0A31284128FB13CC00A2FEC7 /* AppFlow */,
			);
			path = Navigation;
			sourceTree = "<group>";
		};
		0A79A61C28F858A50018224E /* ViewController */ = {
			isa = PBXGroup;
			children = (
				0A79A5F928F848210018224E /* HousesViewController.xib */,
				0A79A5F828F848210018224E /* HousesViewController.swift */,
			);
			path = ViewController;
			sourceTree = "<group>";
		};
		0A79A61D28F883880018224E /* BackgroundMusic */ = {
			isa = PBXGroup;
			children = (
				0A79A62028F8851A0018224E /* game_of_thrones.mp3 */,
				0A8B265828F8895B00DA40EE /* Viking_War.mp3 */,
				0A79A61E28F883A00018224E /* MusicPlayer.swift.swift */,
			);
			path = BackgroundMusic;
			sourceTree = "<group>";
		};
		0A8B266028F89D5C00DA40EE /* Extensions */ = {
			isa = PBXGroup;
			children = (
				0A8B266128F89D6C00DA40EE /* UILabel.swift */,
				0A8B266F28F8CF7600DA40EE /* UIViewController.swift */,
				0AE0929128FB3DCE00FD7E7A /* UIView.swift */,
			);
			path = Extensions;
			sourceTree = "<group>";
		};
		0A8B266328F89D7800DA40EE /* Resources */ = {
			isa = PBXGroup;
			children = (
				0A8B266428F89D8A00DA40EE /* throne-game-of-thrones.gif */,
				0A8B265E28F894F600DA40EE /* Game of Thrones.ttf */,
			);
			path = Resources;
			sourceTree = "<group>";
		};
		0ACC2C6728F7313A005065DE = {
			isa = PBXGroup;
			children = (
				0ACC2C7228F7313A005065DE /* GameOfThronesDemo */,
				0ACC2C8928F7313B005065DE /* GameOfThronesDemoTests */,
				0ACC2C9328F7313B005065DE /* GameOfThronesDemoUITests */,
				0ACC2C7128F7313A005065DE /* Products */,
			);
			sourceTree = "<group>";
		};
		0ACC2C7128F7313A005065DE /* Products */ = {
			isa = PBXGroup;
			children = (
				0ACC2C7028F7313A005065DE /* GOT.app */,
				0ACC2C8628F7313B005065DE /* GOTTests.xctest */,
				0ACC2C9028F7313B005065DE /* GOTUITests.xctest */,
			);
			name = Products;
			sourceTree = "<group>";
		};
		0ACC2C7228F7313A005065DE /* GameOfThronesDemo */ = {
			isa = PBXGroup;
			children = (
				0A31283F28FB125E00A2FEC7 /* Assets.xcassets */,
				0A8B266028F89D5C00DA40EE /* Extensions */,
				0A8B266328F89D7800DA40EE /* Resources */,
				0A79A61D28F883880018224E /* BackgroundMusic */,
				0A79A5F628F83F2D0018224E /* AppDelegate */,
				0ACC2CDC28F74AED005065DE /* HousesScreen */,
				0A79A60D28F852B60018224E /* DetailsScreen */,
				0A79A61628F858190018224E /* Navigation */,
				0ACC2CA428F734BC005065DE /* NetworkLayer */,
				0ACC2C7E28F7313B005065DE /* LaunchScreen.storyboard */,
				0ACC2C8128F7313B005065DE /* Info.plist */,
			);
			path = GameOfThronesDemo;
			sourceTree = "<group>";
		};
		0ACC2C8928F7313B005065DE /* GameOfThronesDemoTests */ = {
			isa = PBXGroup;
			children = (
				0ACC2C8A28F7313B005065DE /* GameOfThronesDemoTests.swift */,
			);
			path = GameOfThronesDemoTests;
			sourceTree = "<group>";
		};
		0ACC2C9328F7313B005065DE /* GameOfThronesDemoUITests */ = {
			isa = PBXGroup;
			children = (
				0ACC2C9428F7313B005065DE /* GameOfThronesDemoUITests.swift */,
				0ACC2C9628F7313B005065DE /* GameOfThronesDemoUITestsLaunchTests.swift */,
			);
			path = GameOfThronesDemoUITests;
			sourceTree = "<group>";
		};
		0ACC2CA428F734BC005065DE /* NetworkLayer */ = {
			isa = PBXGroup;
			children = (
				0ACC2CBD28F744D9005065DE /* EndPoint */,
				0ACC2CD128F74676005065DE /* NetworkEngine */,
				0ACC2CD528F7474D005065DE /* APIError */,
				0ACC2CD728F74782005065DE /* URLRequestLogger */,
			);
			path = NetworkLayer;
			sourceTree = "<group>";
		};
		0ACC2CBD28F744D9005065DE /* EndPoint */ = {
			isa = PBXGroup;
			children = (
				0A31283D28FB123C00A2FEC7 /* HouseDetailsEndPoint.swift */,
				0ACC2CDA28F7480B005065DE /* EndPoint.swift */,
				0ACC2CD828F747D6005065DE /* HousesEndPoint.swift */,
			);
			path = EndPoint;
			sourceTree = "<group>";
		};
		0ACC2CD028F7465B005065DE /* Session */ = {
			isa = PBXGroup;
			children = (
				0ACC2CCC28F7460A005065DE /* SessionType.swift */,
				0ACC2CCE28F7464D005065DE /* SessionTypeConfig.swift */,
			);
			path = Session;
			sourceTree = "<group>";
		};
		0ACC2CD128F74676005065DE /* NetworkEngine */ = {
			isa = PBXGroup;
			children = (
				0ACC2CC828F745CA005065DE /* NetworkEngine.swift */,
				0ACC2CD428F74703005065DE /* URLSessionEngin */,
			);
			name = NetworkEngine;
			path = NetworkEngine/NetworkEngine;
			sourceTree = "<group>";
		};
		0ACC2CD428F74703005065DE /* URLSessionEngin */ = {
			isa = PBXGroup;
			children = (
				0ACC2CD028F7465B005065DE /* Session */,
				0ACC2CD228F7468F005065DE /* URLSessionEngine.swift */,
			);
			path = URLSessionEngin;
			sourceTree = "<group>";
		};
		0ACC2CD528F7474D005065DE /* APIError */ = {
			isa = PBXGroup;
			children = (
				0ACC2CC628F745A9005065DE /* APIError.swift */,
			);
			path = APIError;
			sourceTree = "<group>";
		};
		0ACC2CD728F74782005065DE /* URLRequestLogger */ = {
			isa = PBXGroup;
			children = (
				0ACC2CCA28F745DF005065DE /* NetworkExtension.swift */,
			);
			path = URLRequestLogger;
			sourceTree = "<group>";
		};
		0ACC2CDC28F74AED005065DE /* HousesScreen */ = {
			isa = PBXGroup;
			children = (
				0ACC2CDD28F74AF5005065DE /* View */,
				0ACC2CDE28F74AFB005065DE /* Presenter */,
				0ACC2CE028F74B19005065DE /* Service */,
			);
			path = HousesScreen;
			sourceTree = "<group>";
		};
		0ACC2CDD28F74AF5005065DE /* View */ = {
			isa = PBXGroup;
			children = (
				0A79A61C28F858A50018224E /* ViewController */,
				0ACC2CE628F74B5E005065DE /* HousesTableCell */,
			);
			path = View;
			sourceTree = "<group>";
		};
		0ACC2CDE28F74AFB005065DE /* Presenter */ = {
			isa = PBXGroup;
			children = (
				0ACC2CE728F74BB4005065DE /* Presenter.swift */,
			);
			path = Presenter;
			sourceTree = "<group>";
		};
		0ACC2CE028F74B19005065DE /* Service */ = {
			isa = PBXGroup;
			children = (
				0ACC2CED28F74C04005065DE /* Interactor.swift */,
				0A79A5EF28F7F55A0018224E /* Adapter.swift */,
				0ACC2CF328F74DED005065DE /* Remote.swift */,
				0ACC2CEF28F74C82005065DE /* Error.swift */,
				0A79A5ED28F7F0CE0018224E /* Model.swift */,
			);
			path = Service;
			sourceTree = "<group>";
		};
		0ACC2CE628F74B5E005065DE /* HousesTableCell */ = {
			isa = PBXGroup;
			children = (
				0A8B266728F8A83600DA40EE /* HouseTableViewCell.swift */,
				0A8B266828F8A83600DA40EE /* HouseTableViewCell.xib */,
			);
			path = HousesTableCell;
			sourceTree = "<group>";
		};
/* End PBXGroup section */

/* Begin PBXNativeTarget section */
		0ACC2C6F28F7313A005065DE /* GOT */ = {
			isa = PBXNativeTarget;
			buildConfigurationList = 0ACC2C9A28F7313B005065DE /* Build configuration list for PBXNativeTarget "GOT" */;
			buildPhases = (
				0ACC2C6C28F7313A005065DE /* Sources */,
				0ACC2C6D28F7313A005065DE /* Frameworks */,
				0ACC2C6E28F7313A005065DE /* Resources */,
			);
			buildRules = (
			);
			dependencies = (
			);
			name = GOT;
			productName = GameOfThronesDemo;
			productReference = 0ACC2C7028F7313A005065DE /* GOT.app */;
			productType = "com.apple.product-type.application";
		};
		0ACC2C8528F7313B005065DE /* GOTTests */ = {
			isa = PBXNativeTarget;
			buildConfigurationList = 0ACC2C9D28F7313B005065DE /* Build configuration list for PBXNativeTarget "GOTTests" */;
			buildPhases = (
				0ACC2C8228F7313B005065DE /* Sources */,
				0ACC2C8328F7313B005065DE /* Frameworks */,
				0ACC2C8428F7313B005065DE /* Resources */,
			);
			buildRules = (
			);
			dependencies = (
				0ACC2C8828F7313B005065DE /* PBXTargetDependency */,
			);
			name = GOTTests;
			productName = GameOfThronesDemoTests;
			productReference = 0ACC2C8628F7313B005065DE /* GOTTests.xctest */;
			productType = "com.apple.product-type.bundle.unit-test";
		};
		0ACC2C8F28F7313B005065DE /* GOTUITests */ = {
			isa = PBXNativeTarget;
			buildConfigurationList = 0ACC2CA028F7313B005065DE /* Build configuration list for PBXNativeTarget "GOTUITests" */;
			buildPhases = (
				0ACC2C8C28F7313B005065DE /* Sources */,
				0ACC2C8D28F7313B005065DE /* Frameworks */,
				0ACC2C8E28F7313B005065DE /* Resources */,
			);
			buildRules = (
			);
			dependencies = (
				0ACC2C9228F7313B005065DE /* PBXTargetDependency */,
			);
			name = GOTUITests;
			productName = GameOfThronesDemoUITests;
			productReference = 0ACC2C9028F7313B005065DE /* GOTUITests.xctest */;
			productType = "com.apple.product-type.bundle.ui-testing";
		};
/* End PBXNativeTarget section */

/* Begin PBXProject section */
		0ACC2C6828F7313A005065DE /* Project object */ = {
			isa = PBXProject;
			attributes = {
				BuildIndependentTargetsInParallel = 1;
				LastSwiftUpdateCheck = 1340;
				LastUpgradeCheck = 1340;
				TargetAttributes = {
					0ACC2C6F28F7313A005065DE = {
						CreatedOnToolsVersion = 13.4.1;
					};
					0ACC2C8528F7313B005065DE = {
						CreatedOnToolsVersion = 13.4.1;
						TestTargetID = 0ACC2C6F28F7313A005065DE;
					};
					0ACC2C8F28F7313B005065DE = {
						CreatedOnToolsVersion = 13.4.1;
						TestTargetID = 0ACC2C6F28F7313A005065DE;
					};
				};
			};
			buildConfigurationList = 0ACC2C6B28F7313A005065DE /* Build configuration list for PBXProject "GOT" */;
			compatibilityVersion = "Xcode 13.0";
			developmentRegion = en;
			hasScannedForEncodings = 0;
			knownRegions = (
				en,
				Base,
			);
			mainGroup = 0ACC2C6728F7313A005065DE;
			productRefGroup = 0ACC2C7128F7313A005065DE /* Products */;
			projectDirPath = "";
			projectRoot = "";
			targets = (
				0ACC2C6F28F7313A005065DE /* GOT */,
				0ACC2C8528F7313B005065DE /* GOTTests */,
				0ACC2C8F28F7313B005065DE /* GOTUITests */,
			);
		};
/* End PBXProject section */

/* Begin PBXResourcesBuildPhase section */
		0ACC2C6E28F7313A005065DE /* Resources */ = {
			isa = PBXResourcesBuildPhase;
			buildActionMask = 2147483647;
			files = (
				0A8B266A28F8A83600DA40EE /* HouseTableViewCell.xib in Resources */,
				0A31283328FB122900A2FEC7 /* DetailesWithListCustomView.xib in Resources */,
				0A31284028FB125E00A2FEC7 /* Assets.xcassets in Resources */,
				0A8B265F28F8952600DA40EE /* Game of Thrones.ttf in Resources */,
				0ACC2C8028F7313B005065DE /* LaunchScreen.storyboard in Resources */,
				0A31283128FB122900A2FEC7 /* CharacterTableViewCell.xib in Resources */,
				0A8B265928F8895B00DA40EE /* Viking_War.mp3 in Resources */,
				0A79A62128F8851B0018224E /* game_of_thrones.mp3 in Resources */,
				0A31283628FB122900A2FEC7 /* HouseDetailesCard.xib in Resources */,
				0A79A5FB28F848210018224E /* HousesViewController.xib in Resources */,
				0A31283B28FB122900A2FEC7 /* HouseDetailsViewController.xib in Resources */,
			);
			runOnlyForDeploymentPostprocessing = 0;
		};
		0ACC2C8428F7313B005065DE /* Resources */ = {
			isa = PBXResourcesBuildPhase;
			buildActionMask = 2147483647;
			files = (
			);
			runOnlyForDeploymentPostprocessing = 0;
		};
		0ACC2C8E28F7313B005065DE /* Resources */ = {
			isa = PBXResourcesBuildPhase;
			buildActionMask = 2147483647;
			files = (
			);
			runOnlyForDeploymentPostprocessing = 0;
		};
/* End PBXResourcesBuildPhase section */

/* Begin PBXSourcesBuildPhase section */
		0ACC2C6C28F7313A005065DE /* Sources */ = {
			isa = PBXSourcesBuildPhase;
			buildActionMask = 2147483647;
			files = (
				0ACC2CDB28F7480B005065DE /* EndPoint.swift in Sources */,
				0ACC2CC928F745CA005065DE /* NetworkEngine.swift in Sources */,
				0A31283728FB122900A2FEC7 /* DetailsRemote.swift in Sources */,
				0A79A5FA28F848210018224E /* HousesViewController.swift in Sources */,
				0A31283028FB122900A2FEC7 /* HousDetailsPresenter.swift in Sources */,
				0A8B267028F8CF7600DA40EE /* UIViewController.swift in Sources */,
				0A31283928FB122900A2FEC7 /* DetailsInteractor.swift in Sources */,
				0ACC2CCB28F745DF005065DE /* NetworkExtension.swift in Sources */,
				0A31283828FB122900A2FEC7 /* DetailsModel.swift in Sources */,
				0ACC2C7428F7313A005065DE /* AppDelegate.swift in Sources */,
				0AE0929228FB3DCE00FD7E7A /* UIView.swift in Sources */,
				0ACC2CF028F74C82005065DE /* Error.swift in Sources */,
				0A31283428FB122900A2FEC7 /* DetailesWithListCustomView.swift in Sources */,
				0A31283A28FB122900A2FEC7 /* DetailsAdapter.swift in Sources */,
				0A31283E28FB123C00A2FEC7 /* HouseDetailsEndPoint.swift in Sources */,
				0A31284728FB13CC00A2FEC7 /* HousDetailsFlow.swift in Sources */,
				0A31283C28FB122900A2FEC7 /* HouseDetailsViewController.swift in Sources */,
				0ACC2CCF28F7464D005065DE /* SessionTypeConfig.swift in Sources */,
				0ACC2CEE28F74C04005065DE /* Interactor.swift in Sources */,
				0ACC2CE828F74BB4005065DE /* Presenter.swift in Sources */,
				0A8B266928F8A83600DA40EE /* HouseTableViewCell.swift in Sources */,
				0ACC2CCD28F7460A005065DE /* SessionType.swift in Sources */,
				0A79A5F028F7F55A0018224E /* Adapter.swift in Sources */,
				0A8B266228F89D6C00DA40EE /* UILabel.swift in Sources */,
				0A79A5EE28F7F0CE0018224E /* Model.swift in Sources */,
				0A79A61F28F883A00018224E /* MusicPlayer.swift.swift in Sources */,
				0A31284928FB13CC00A2FEC7 /* AppCoordinator.swift in Sources */,
				0A31284B28FB13E100A2FEC7 /* Coordinator.swift in Sources */,
				0ACC2CC728F745A9005065DE /* APIError.swift in Sources */,
				0A31284628FB13CC00A2FEC7 /* HousesFlow.swift in Sources */,
				0ACC2CD928F747D6005065DE /* HousesEndPoint.swift in Sources */,
				0ACC2CF428F74DED005065DE /* Remote.swift in Sources */,
				0ACC2CD328F7468F005065DE /* URLSessionEngine.swift in Sources */,
				0A31283228FB122900A2FEC7 /* CharacterTableViewCell.swift in Sources */,
				0A31283528FB122900A2FEC7 /* HouseDetailesCard.swift in Sources */,
			);
			runOnlyForDeploymentPostprocessing = 0;
		};
		0ACC2C8228F7313B005065DE /* Sources */ = {
			isa = PBXSourcesBuildPhase;
			buildActionMask = 2147483647;
			files = (
				0ACC2C8B28F7313B005065DE /* GameOfThronesDemoTests.swift in Sources */,
			);
			runOnlyForDeploymentPostprocessing = 0;
		};
		0ACC2C8C28F7313B005065DE /* Sources */ = {
			isa = PBXSourcesBuildPhase;
			buildActionMask = 2147483647;
			files = (
				0ACC2C9728F7313B005065DE /* GameOfThronesDemoUITestsLaunchTests.swift in Sources */,
				0ACC2C9528F7313B005065DE /* GameOfThronesDemoUITests.swift in Sources */,
			);
			runOnlyForDeploymentPostprocessing = 0;
		};
/* End PBXSourcesBuildPhase section */

/* Begin PBXTargetDependency section */
		0ACC2C8828F7313B005065DE /* PBXTargetDependency */ = {
			isa = PBXTargetDependency;
			target = 0ACC2C6F28F7313A005065DE /* GOT */;
			targetProxy = 0ACC2C8728F7313B005065DE /* PBXContainerItemProxy */;
		};
		0ACC2C9228F7313B005065DE /* PBXTargetDependency */ = {
			isa = PBXTargetDependency;
			target = 0ACC2C6F28F7313A005065DE /* GOT */;
			targetProxy = 0ACC2C9128F7313B005065DE /* PBXContainerItemProxy */;
		};
/* End PBXTargetDependency section */

/* Begin PBXVariantGroup section */
		0ACC2C7E28F7313B005065DE /* LaunchScreen.storyboard */ = {
			isa = PBXVariantGroup;
			children = (
				0ACC2C7F28F7313B005065DE /* Base */,
			);
			name = LaunchScreen.storyboard;
			sourceTree = "<group>";
		};
/* End PBXVariantGroup section */

/* Begin XCBuildConfiguration section */
		0ACC2C9828F7313B005065DE /* Debug */ = {
			isa = XCBuildConfiguration;
			buildSettings = {
				ALWAYS_SEARCH_USER_PATHS = NO;
				CLANG_ANALYZER_NONNULL = YES;
				CLANG_ANALYZER_NUMBER_OBJECT_CONVERSION = YES_AGGRESSIVE;
				CLANG_CXX_LANGUAGE_STANDARD = "gnu++17";
				CLANG_ENABLE_MODULES = YES;
				CLANG_ENABLE_OBJC_ARC = YES;
				CLANG_ENABLE_OBJC_WEAK = YES;
				CLANG_WARN_BLOCK_CAPTURE_AUTORELEASING = YES;
				CLANG_WARN_BOOL_CONVERSION = YES;
				CLANG_WARN_COMMA = YES;
				CLANG_WARN_CONSTANT_CONVERSION = YES;
				CLANG_WARN_DEPRECATED_OBJC_IMPLEMENTATIONS = YES;
				CLANG_WARN_DIRECT_OBJC_ISA_USAGE = YES_ERROR;
				CLANG_WARN_DOCUMENTATION_COMMENTS = YES;
				CLANG_WARN_EMPTY_BODY = YES;
				CLANG_WARN_ENUM_CONVERSION = YES;
				CLANG_WARN_INFINITE_RECURSION = YES;
				CLANG_WARN_INT_CONVERSION = YES;
				CLANG_WARN_NON_LITERAL_NULL_CONVERSION = YES;
				CLANG_WARN_OBJC_IMPLICIT_RETAIN_SELF = YES;
				CLANG_WARN_OBJC_LITERAL_CONVERSION = YES;
				CLANG_WARN_OBJC_ROOT_CLASS = YES_ERROR;
				CLANG_WARN_QUOTED_INCLUDE_IN_FRAMEWORK_HEADER = YES;
				CLANG_WARN_RANGE_LOOP_ANALYSIS = YES;
				CLANG_WARN_STRICT_PROTOTYPES = YES;
				CLANG_WARN_SUSPICIOUS_MOVE = YES;
				CLANG_WARN_UNGUARDED_AVAILABILITY = YES_AGGRESSIVE;
				CLANG_WARN_UNREACHABLE_CODE = YES;
				CLANG_WARN__DUPLICATE_METHOD_MATCH = YES;
				COPY_PHASE_STRIP = NO;
				DEBUG_INFORMATION_FORMAT = dwarf;
				ENABLE_STRICT_OBJC_MSGSEND = YES;
				ENABLE_TESTABILITY = YES;
				GCC_C_LANGUAGE_STANDARD = gnu11;
				GCC_DYNAMIC_NO_PIC = NO;
				GCC_NO_COMMON_BLOCKS = YES;
				GCC_OPTIMIZATION_LEVEL = 0;
				GCC_PREPROCESSOR_DEFINITIONS = (
					"DEBUG=1",
					"$(inherited)",
				);
				GCC_WARN_64_TO_32_BIT_CONVERSION = YES;
				GCC_WARN_ABOUT_RETURN_TYPE = YES_ERROR;
				GCC_WARN_UNDECLARED_SELECTOR = YES;
				GCC_WARN_UNINITIALIZED_AUTOS = YES_AGGRESSIVE;
				GCC_WARN_UNUSED_FUNCTION = YES;
				GCC_WARN_UNUSED_VARIABLE = YES;
				IPHONEOS_DEPLOYMENT_TARGET = 15.5;
				MTL_ENABLE_DEBUG_INFO = INCLUDE_SOURCE;
				MTL_FAST_MATH = YES;
				ONLY_ACTIVE_ARCH = YES;
				SDKROOT = iphoneos;
				SWIFT_ACTIVE_COMPILATION_CONDITIONS = DEBUG;
				SWIFT_OPTIMIZATION_LEVEL = "-Onone";
			};
			name = Debug;
		};
		0ACC2C9928F7313B005065DE /* Release */ = {
			isa = XCBuildConfiguration;
			buildSettings = {
				ALWAYS_SEARCH_USER_PATHS = NO;
				CLANG_ANALYZER_NONNULL = YES;
				CLANG_ANALYZER_NUMBER_OBJECT_CONVERSION = YES_AGGRESSIVE;
				CLANG_CXX_LANGUAGE_STANDARD = "gnu++17";
				CLANG_ENABLE_MODULES = YES;
				CLANG_ENABLE_OBJC_ARC = YES;
				CLANG_ENABLE_OBJC_WEAK = YES;
				CLANG_WARN_BLOCK_CAPTURE_AUTORELEASING = YES;
				CLANG_WARN_BOOL_CONVERSION = YES;
				CLANG_WARN_COMMA = YES;
				CLANG_WARN_CONSTANT_CONVERSION = YES;
				CLANG_WARN_DEPRECATED_OBJC_IMPLEMENTATIONS = YES;
				CLANG_WARN_DIRECT_OBJC_ISA_USAGE = YES_ERROR;
				CLANG_WARN_DOCUMENTATION_COMMENTS = YES;
				CLANG_WARN_EMPTY_BODY = YES;
				CLANG_WARN_ENUM_CONVERSION = YES;
				CLANG_WARN_INFINITE_RECURSION = YES;
				CLANG_WARN_INT_CONVERSION = YES;
				CLANG_WARN_NON_LITERAL_NULL_CONVERSION = YES;
				CLANG_WARN_OBJC_IMPLICIT_RETAIN_SELF = YES;
				CLANG_WARN_OBJC_LITERAL_CONVERSION = YES;
				CLANG_WARN_OBJC_ROOT_CLASS = YES_ERROR;
				CLANG_WARN_QUOTED_INCLUDE_IN_FRAMEWORK_HEADER = YES;
				CLANG_WARN_RANGE_LOOP_ANALYSIS = YES;
				CLANG_WARN_STRICT_PROTOTYPES = YES;
				CLANG_WARN_SUSPICIOUS_MOVE = YES;
				CLANG_WARN_UNGUARDED_AVAILABILITY = YES_AGGRESSIVE;
				CLANG_WARN_UNREACHABLE_CODE = YES;
				CLANG_WARN__DUPLICATE_METHOD_MATCH = YES;
				COPY_PHASE_STRIP = NO;
				DEBUG_INFORMATION_FORMAT = "dwarf-with-dsym";
				ENABLE_NS_ASSERTIONS = NO;
				ENABLE_STRICT_OBJC_MSGSEND = YES;
				GCC_C_LANGUAGE_STANDARD = gnu11;
				GCC_NO_COMMON_BLOCKS = YES;
				GCC_WARN_64_TO_32_BIT_CONVERSION = YES;
				GCC_WARN_ABOUT_RETURN_TYPE = YES_ERROR;
				GCC_WARN_UNDECLARED_SELECTOR = YES;
				GCC_WARN_UNINITIALIZED_AUTOS = YES_AGGRESSIVE;
				GCC_WARN_UNUSED_FUNCTION = YES;
				GCC_WARN_UNUSED_VARIABLE = YES;
				IPHONEOS_DEPLOYMENT_TARGET = 15.5;
				MTL_ENABLE_DEBUG_INFO = NO;
				MTL_FAST_MATH = YES;
				SDKROOT = iphoneos;
				SWIFT_COMPILATION_MODE = wholemodule;
				SWIFT_OPTIMIZATION_LEVEL = "-O";
				VALIDATE_PRODUCT = YES;
			};
			name = Release;
		};
		0ACC2C9B28F7313B005065DE /* Debug */ = {
			isa = XCBuildConfiguration;
			buildSettings = {
				ASSETCATALOG_COMPILER_APPICON_NAME = AppIcon;
				ASSETCATALOG_COMPILER_GLOBAL_ACCENT_COLOR_NAME = AccentColor;
				CODE_SIGN_STYLE = Automatic;
				CURRENT_PROJECT_VERSION = 1;
				DEVELOPMENT_TEAM = LRL7945AMX;
				GENERATE_INFOPLIST_FILE = YES;
				INFOPLIST_FILE = GameOfThronesDemo/Info.plist;
				INFOPLIST_KEY_UIApplicationSupportsIndirectInputEvents = YES;
				INFOPLIST_KEY_UILaunchStoryboardName = LaunchScreen;
				INFOPLIST_KEY_UISupportedInterfaceOrientations_iPad = "UIInterfaceOrientationPortrait UIInterfaceOrientationPortraitUpsideDown UIInterfaceOrientationLandscapeLeft UIInterfaceOrientationLandscapeRight";
				INFOPLIST_KEY_UISupportedInterfaceOrientations_iPhone = "UIInterfaceOrientationPortrait UIInterfaceOrientationLandscapeLeft UIInterfaceOrientationLandscapeRight";
				IPHONEOS_DEPLOYMENT_TARGET = 14.0;
				LD_RUNPATH_SEARCH_PATHS = (
					"$(inherited)",
					"@executable_path/Frameworks",
				);
				MARKETING_VERSION = 1.0;
				PRODUCT_BUNDLE_IDENTIFIER = com.diab.cpp.GameOfThronesDemo;
				PRODUCT_NAME = "$(TARGET_NAME)";
				SWIFT_EMIT_LOC_STRINGS = YES;
				SWIFT_VERSION = 5.0;
				TARGETED_DEVICE_FAMILY = "1,2";
			};
			name = Debug;
		};
		0ACC2C9C28F7313B005065DE /* Release */ = {
			isa = XCBuildConfiguration;
			buildSettings = {
				ASSETCATALOG_COMPILER_APPICON_NAME = AppIcon;
				ASSETCATALOG_COMPILER_GLOBAL_ACCENT_COLOR_NAME = AccentColor;
				CODE_SIGN_STYLE = Automatic;
				CURRENT_PROJECT_VERSION = 1;
				DEVELOPMENT_TEAM = LRL7945AMX;
				GENERATE_INFOPLIST_FILE = YES;
				INFOPLIST_FILE = GameOfThronesDemo/Info.plist;
				INFOPLIST_KEY_UIApplicationSupportsIndirectInputEvents = YES;
				INFOPLIST_KEY_UILaunchStoryboardName = LaunchScreen;
				INFOPLIST_KEY_UISupportedInterfaceOrientations_iPad = "UIInterfaceOrientationPortrait UIInterfaceOrientationPortraitUpsideDown UIInterfaceOrientationLandscapeLeft UIInterfaceOrientationLandscapeRight";
				INFOPLIST_KEY_UISupportedInterfaceOrientations_iPhone = "UIInterfaceOrientationPortrait UIInterfaceOrientationLandscapeLeft UIInterfaceOrientationLandscapeRight";
				IPHONEOS_DEPLOYMENT_TARGET = 14.0;
				LD_RUNPATH_SEARCH_PATHS = (
					"$(inherited)",
					"@executable_path/Frameworks",
				);
				MARKETING_VERSION = 1.0;
				PRODUCT_BUNDLE_IDENTIFIER = com.diab.cpp.GameOfThronesDemo;
				PRODUCT_NAME = "$(TARGET_NAME)";
				SWIFT_EMIT_LOC_STRINGS = YES;
				SWIFT_VERSION = 5.0;
				TARGETED_DEVICE_FAMILY = "1,2";
			};
			name = Release;
		};
		0ACC2C9E28F7313B005065DE /* Debug */ = {
			isa = XCBuildConfiguration;
			buildSettings = {
				ALWAYS_EMBED_SWIFT_STANDARD_LIBRARIES = YES;
				BUNDLE_LOADER = "$(TEST_HOST)";
				CODE_SIGN_STYLE = Automatic;
				CURRENT_PROJECT_VERSION = 1;
				DEVELOPMENT_TEAM = FHRM3TS3PP;
				GENERATE_INFOPLIST_FILE = YES;
				IPHONEOS_DEPLOYMENT_TARGET = 15.5;
				MARKETING_VERSION = 1.0;
				PRODUCT_BUNDLE_IDENTIFIER = com.diab.cpp.GameOfThronesDemoTests;
				PRODUCT_NAME = "$(TARGET_NAME)";
				SWIFT_EMIT_LOC_STRINGS = NO;
				SWIFT_VERSION = 5.0;
				TARGETED_DEVICE_FAMILY = "1,2";
				TEST_HOST = "$(BUILT_PRODUCTS_DIR)/GOT.app/GOT";
			};
			name = Debug;
		};
		0ACC2C9F28F7313B005065DE /* Release */ = {
			isa = XCBuildConfiguration;
			buildSettings = {
				ALWAYS_EMBED_SWIFT_STANDARD_LIBRARIES = YES;
				BUNDLE_LOADER = "$(TEST_HOST)";
				CODE_SIGN_STYLE = Automatic;
				CURRENT_PROJECT_VERSION = 1;
				DEVELOPMENT_TEAM = FHRM3TS3PP;
				GENERATE_INFOPLIST_FILE = YES;
				IPHONEOS_DEPLOYMENT_TARGET = 15.5;
				MARKETING_VERSION = 1.0;
				PRODUCT_BUNDLE_IDENTIFIER = com.diab.cpp.GameOfThronesDemoTests;
				PRODUCT_NAME = "$(TARGET_NAME)";
				SWIFT_EMIT_LOC_STRINGS = NO;
				SWIFT_VERSION = 5.0;
				TARGETED_DEVICE_FAMILY = "1,2";
				TEST_HOST = "$(BUILT_PRODUCTS_DIR)/GOT.app/GOT";
			};
			name = Release;
		};
		0ACC2CA128F7313B005065DE /* Debug */ = {
			isa = XCBuildConfiguration;
			buildSettings = {
				ALWAYS_EMBED_SWIFT_STANDARD_LIBRARIES = YES;
				CODE_SIGN_STYLE = Automatic;
				CURRENT_PROJECT_VERSION = 1;
				DEVELOPMENT_TEAM = FHRM3TS3PP;
				GENERATE_INFOPLIST_FILE = YES;
				MARKETING_VERSION = 1.0;
				PRODUCT_BUNDLE_IDENTIFIER = com.diab.cpp.GameOfThronesDemoUITests;
				PRODUCT_NAME = "$(TARGET_NAME)";
				SWIFT_EMIT_LOC_STRINGS = NO;
				SWIFT_VERSION = 5.0;
				TARGETED_DEVICE_FAMILY = "1,2";
				TEST_TARGET_NAME = GameOfThronesDemo;
			};
			name = Debug;
		};
		0ACC2CA228F7313B005065DE /* Release */ = {
			isa = XCBuildConfiguration;
			buildSettings = {
				ALWAYS_EMBED_SWIFT_STANDARD_LIBRARIES = YES;
				CODE_SIGN_STYLE = Automatic;
				CURRENT_PROJECT_VERSION = 1;
				DEVELOPMENT_TEAM = FHRM3TS3PP;
				GENERATE_INFOPLIST_FILE = YES;
				MARKETING_VERSION = 1.0;
				PRODUCT_BUNDLE_IDENTIFIER = com.diab.cpp.GameOfThronesDemoUITests;
				PRODUCT_NAME = "$(TARGET_NAME)";
				SWIFT_EMIT_LOC_STRINGS = NO;
				SWIFT_VERSION = 5.0;
				TARGETED_DEVICE_FAMILY = "1,2";
				TEST_TARGET_NAME = GameOfThronesDemo;
			};
			name = Release;
		};
/* End XCBuildConfiguration section */

/* Begin XCConfigurationList section */
		0ACC2C6B28F7313A005065DE /* Build configuration list for PBXProject "GOT" */ = {
			isa = XCConfigurationList;
			buildConfigurations = (
				0ACC2C9828F7313B005065DE /* Debug */,
				0ACC2C9928F7313B005065DE /* Release */,
			);
			defaultConfigurationIsVisible = 0;
			defaultConfigurationName = Release;
		};
		0ACC2C9A28F7313B005065DE /* Build configuration list for PBXNativeTarget "GOT" */ = {
			isa = XCConfigurationList;
			buildConfigurations = (
				0ACC2C9B28F7313B005065DE /* Debug */,
				0ACC2C9C28F7313B005065DE /* Release */,
			);
			defaultConfigurationIsVisible = 0;
			defaultConfigurationName = Release;
		};
		0ACC2C9D28F7313B005065DE /* Build configuration list for PBXNativeTarget "GOTTests" */ = {
			isa = XCConfigurationList;
			buildConfigurations = (
				0ACC2C9E28F7313B005065DE /* Debug */,
				0ACC2C9F28F7313B005065DE /* Release */,
			);
			defaultConfigurationIsVisible = 0;
			defaultConfigurationName = Release;
		};
		0ACC2CA028F7313B005065DE /* Build configuration list for PBXNativeTarget "GOTUITests" */ = {
			isa = XCConfigurationList;
			buildConfigurations = (
				0ACC2CA128F7313B005065DE /* Debug */,
				0ACC2CA228F7313B005065DE /* Release */,
			);
			defaultConfigurationIsVisible = 0;
			defaultConfigurationName = Release;
		};
/* End XCConfigurationList section */
	};
	rootObject = 0ACC2C6828F7313A005065DE /* Project object */;
}
